
Microsoft Visual Studio Solution File, Format Version 12.00
# Visual Studio 14
VisualStudioVersion = 14.0.25420.1
MinimumVisualStudioVersion = 10.0.40219.1
Project("{FAE04EC0-301F-11D3-BF4B-00C04F79EFBC}") = "Common", "Common\Common.csproj", "{79D083BD-6097-47FE-89C1-36A6BDA1B3DB}"
EndProject
Project("{FAE04EC0-301F-11D3-BF4B-00C04F79EFBC}") = "DBClient", "Client\DBClient.csproj", "{8CD6CD01-E88E-4B74-9CA1-F78CFE0BC788}"
EndProject
Project("{FAE04EC0-301F-11D3-BF4B-00C04F79EFBC}") = "DBServer", "Server\DBServer.csproj", "{38DCB1AE-083C-495D-BCEA-7F9BC90B7590}"
EndProject
Global
	GlobalSection(SolutionConfigurationPlatforms) = preSolution
		Debug|Any CPU = Debug|Any CPU
		Release|Any CPU = Release|Any CPU
	EndGlobalSection
	GlobalSection(ProjectConfigurationPlatforms) = postSolution
		{79D083BD-6097-47FE-89C1-36A6BDA1B3DB}.Debug|Any CPU.ActiveCfg = Debug|Any CPU
		{79D083BD-6097-47FE-89C1-36A6BDA1B3DB}.Debug|Any CPU.Build.0 = Debug|Any CPU
		{79D083BD-6097-47FE-89C1-36A6BDA1B3DB}.Release|Any CPU.ActiveCfg = Release|Any CPU
		{79D083BD-6097-47FE-89C1-36A6BDA1B3DB}.Release|Any CPU.Build.0 = Release|Any CPU
		{8CD6CD01-E88E-4B74-9CA1-F78CFE0BC788}.Debug|Any CPU.ActiveCfg = Debug|Any CPU
		{8CD6CD01-E88E-4B74-9CA1-F78CFE0BC788}.Debug|Any CPU.Build.0 = Debug|Any CPU
		{8CD6CD01-E88E-4B74-9CA1-F78CFE0BC788}.Release|Any CPU.ActiveCfg = Release|Any CPU
		{8CD6CD01-E88E-4B74-9CA1-F78CFE0BC788}.Release|Any CPU.Build.0 = Release|Any CPU
		{38DCB1AE-083C-495D-BCEA-7F9BC90B7590}.Debug|Any CPU.ActiveCfg = Debug|Any CPU
		{38DCB1AE-083C-495D-BCEA-7F9BC90B7590}.Debug|Any CPU.Build.0 = Debug|Any CPU
		{38DCB1AE-083C-495D-BCEA-7F9BC90B7590}.Release|Any CPU.ActiveCfg = Release|Any CPU
		{38DCB1AE-083C-495D-BCEA-7F9BC90B7590}.Release|Any CPU.Build.0 = Release|Any CPU
	EndGlobalSection
	GlobalSection(SolutionProperties) = preSolution
		HideSolutionNode = FALSE
	EndGlobalSection
EndGlobal
